
Microsoft Visual Studio Solution File, Format Version 11.00
# Visual Studio 2010
Project("{8BC9CEB8-8B4A-11D0-8D11-00A0C91BC942}") = "MAD.NET", "MAD.NET.vcxproj", "{0089C916-1C76-4540-8F56-68690F815534}"
EndProject
Global
	GlobalSection(SolutionConfigurationPlatforms) = preSolution
		Debug|Win32 = Debug|Win32
		Release|Win32 = Release|Win32
	EndGlobalSection
	GlobalSection(ProjectConfigurationPlatforms) = postSolution
		{0089C916-1C76-4540-8F56-68690F815534}.Debug|Win32.ActiveCfg = Debug|Win32
		{0089C916-1C76-4540-8F56-68690F815534}.Debug|Win32.Build.0 = Debug|Win32
		{0089C916-1C76-4540-8F56-68690F815534}.Release|Win32.ActiveCfg = Release|Win32
		{0089C916-1C76-4540-8F56-68690F815534}.Release|Win32.Build.0 = Release|Win32
	EndGlobalSection
	GlobalSection(SolutionProperties) = preSolution
		HideSolutionNode = FALSE
	EndGlobalSection
EndGlobal
